
Microsoft Visual Studio Solution File, Format Version 12.00
# Visual Studio Version 16
VisualStudioVersion = 16.0.30523.141
MinimumVisualStudioVersion = 10.0.40219.1
Project("{FAE04EC0-301F-11D3-BF4B-00C04F79EFBC}") = "Baghiut_Ioana_Lab8", "Baghiut_Ioana_Lab8.csproj", "{599247DE-DFD8-4587-ADCA-7518E1C1A755}"
EndProject
Global
	GlobalSection(SolutionConfigurationPlatforms) = preSolution
		Debug|Any CPU = Debug|Any CPU
		Release|Any CPU = Release|Any CPU
	EndGlobalSection
	GlobalSection(ProjectConfigurationPlatforms) = postSolution
		{599247DE-DFD8-4587-ADCA-7518E1C1A755}.Debug|Any CPU.ActiveCfg = Debug|Any CPU
		{599247DE-DFD8-4587-ADCA-7518E1C1A755}.Debug|Any CPU.Build.0 = Debug|Any CPU
		{599247DE-DFD8-4587-ADCA-7518E1C1A755}.Release|Any CPU.ActiveCfg = Release|Any CPU
		{599247DE-DFD8-4587-ADCA-7518E1C1A755}.Release|Any CPU.Build.0 = Release|Any CPU
	EndGlobalSection
	GlobalSection(SolutionProperties) = preSolution
		HideSolutionNode = FALSE
	EndGlobalSection
	GlobalSection(ExtensibilityGlobals) = postSolution
		SolutionGuid = {1D19FFF6-1367-430D-BF38-9E152D26BC93}
	EndGlobalSection
EndGlobal
